// !$*UTF8*$!
{
	archiveVersion = 1;
	classes = {
	};
	objectVersion = 46;
	objects = {

/* Begin PBXBuildFile section */
		160172281F57AD9200A86764 /* AppDelegate.swift in Sources */ = {isa = PBXBuildFile; fileRef = 160172251F57AD9200A86764 /* AppDelegate.swift */; };
		1601722A1F57AD9200A86764 /* SettingsViewController.swift in Sources */ = {isa = PBXBuildFile; fileRef = 160172271F57AD9200A86764 /* SettingsViewController.swift */; };
		1601722E1F57AE0900A86764 /* Settings.storyboard in Resources */ = {isa = PBXBuildFile; fileRef = 1601722D1F57AE0900A86764 /* Settings.storyboard */; };
		16634A851F5A28D100AC9A46 /* main.swift in Sources */ = {isa = PBXBuildFile; fileRef = 16634A841F5A28D100AC9A46 /* main.swift */; };
		16759CAB1F5F136000878BEC /* StatusBar.storyboard in Resources */ = {isa = PBXBuildFile; fileRef = 16759CAA1F5F136000878BEC /* StatusBar.storyboard */; };
		168155711F576FBD00CF9980 /* Assets.xcassets in Resources */ = {isa = PBXBuildFile; fileRef = 168155701F576FBD00CF9980 /* Assets.xcassets */; };
/* End PBXBuildFile section */

/* Begin PBXFileReference section */
		160172251F57AD9200A86764 /* AppDelegate.swift */ = {isa = PBXFileReference; fileEncoding = 4; lastKnownFileType = sourcecode.swift; name = AppDelegate.swift; path = Controller/AppDelegate.swift; sourceTree = "<group>"; };
		160172271F57AD9200A86764 /* SettingsViewController.swift */ = {isa = PBXFileReference; fileEncoding = 4; lastKnownFileType = sourcecode.swift; name = SettingsViewController.swift; path = Controller/SettingsViewController.swift; sourceTree = "<group>"; };
		1601722D1F57AE0900A86764 /* Settings.storyboard */ = {isa = PBXFileReference; fileEncoding = 4; lastKnownFileType = file.storyboard; name = Settings.storyboard; path = View/Settings.storyboard; sourceTree = "<group>"; };
		16634A841F5A28D100AC9A46 /* main.swift */ = {isa = PBXFileReference; fileEncoding = 4; lastKnownFileType = sourcecode.swift; path = main.swift; sourceTree = "<group>"; };
		16759CAA1F5F136000878BEC /* StatusBar.storyboard */ = {isa = PBXFileReference; fileEncoding = 4; lastKnownFileType = file.storyboard; name = StatusBar.storyboard; path = View/StatusBar.storyboard; sourceTree = "<group>"; };
		168155691F576FBD00CF9980 /* BackItUp.app */ = {isa = PBXFileReference; explicitFileType = wrapper.application; includeInIndex = 0; path = BackItUp.app; sourceTree = BUILT_PRODUCTS_DIR; };
		168155701F576FBD00CF9980 /* Assets.xcassets */ = {isa = PBXFileReference; lastKnownFileType = folder.assetcatalog; path = Assets.xcassets; sourceTree = "<group>"; };
		168155751F576FBD00CF9980 /* Info.plist */ = {isa = PBXFileReference; lastKnownFileType = text.plist.xml; path = Info.plist; sourceTree = "<group>"; };
/* End PBXFileReference section */

/* Begin PBXFrameworksBuildPhase section */
		168155661F576FBD00CF9980 /* Frameworks */ = {
			isa = PBXFrameworksBuildPhase;
			buildActionMask = 2147483647;
			files = (
			);
			runOnlyForDeploymentPostprocessing = 0;
		};
/* End PBXFrameworksBuildPhase section */

/* Begin PBXGroup section */
		160172231F57AD4D00A86764 /* Controller */ = {
			isa = PBXGroup;
			children = (
				160172251F57AD9200A86764 /* AppDelegate.swift */,
				160172271F57AD9200A86764 /* SettingsViewController.swift */,
			);
			name = Controller;
			sourceTree = "<group>";
		};
		160172241F57AD5500A86764 /* View */ = {
			isa = PBXGroup;
			children = (
				1601722D1F57AE0900A86764 /* Settings.storyboard */,
				16759CAA1F5F136000878BEC /* StatusBar.storyboard */,
			);
			name = View;
			sourceTree = "<group>";
		};
		168155601F576FBD00CF9980 = {
			isa = PBXGroup;
			children = (
				1681556B1F576FBD00CF9980 /* BackItUp */,
				1681556A1F576FBD00CF9980 /* Products */,
			);
			sourceTree = "<group>";
		};
		1681556A1F576FBD00CF9980 /* Products */ = {
			isa = PBXGroup;
			children = (
				168155691F576FBD00CF9980 /* BackItUp.app */,
			);
			name = Products;
			sourceTree = "<group>";
		};
		1681556B1F576FBD00CF9980 /* BackItUp */ = {
			isa = PBXGroup;
			children = (
				168155751F576FBD00CF9980 /* Info.plist */,
				16634A841F5A28D100AC9A46 /* main.swift */,
				168155701F576FBD00CF9980 /* Assets.xcassets */,
				160172231F57AD4D00A86764 /* Controller */,
				160172241F57AD5500A86764 /* View */,
			);
			path = BackItUp;
			sourceTree = "<group>";
		};
/* End PBXGroup section */

/* Begin PBXNativeTarget section */
		168155681F576FBD00CF9980 /* BackItUp */ = {
			isa = PBXNativeTarget;
			buildConfigurationList = 168155781F576FBD00CF9980 /* Build configuration list for PBXNativeTarget "BackItUp" */;
			buildPhases = (
				168155651F576FBD00CF9980 /* Sources */,
				168155661F576FBD00CF9980 /* Frameworks */,
				168155671F576FBD00CF9980 /* Resources */,
			);
			buildRules = (
			);
			dependencies = (
			);
			name = BackItUp;
			productName = BackItUp;
			productReference = 168155691F576FBD00CF9980 /* BackItUp.app */;
			productType = "com.apple.product-type.application";
		};
/* End PBXNativeTarget section */

/* Begin PBXProject section */
		168155611F576FBD00CF9980 /* Project object */ = {
			isa = PBXProject;
			attributes = {
				LastSwiftUpdateCheck = 0830;
				LastUpgradeCheck = 0830;
				ORGANIZATIONNAME = "Jacob Peterson";
				TargetAttributes = {
					168155681F576FBD00CF9980 = {
						CreatedOnToolsVersion = 8.3.3;
						LastSwiftMigration = 0830;
						ProvisioningStyle = Automatic;
					};
				};
			};
			buildConfigurationList = 168155641F576FBD00CF9980 /* Build configuration list for PBXProject "BackItUp" */;
			compatibilityVersion = "Xcode 3.2";
			developmentRegion = English;
			hasScannedForEncodings = 0;
			knownRegions = (
				en,
				Base,
			);
			mainGroup = 168155601F576FBD00CF9980;
			productRefGroup = 1681556A1F576FBD00CF9980 /* Products */;
			projectDirPath = "";
			projectRoot = "";
			targets = (
				168155681F576FBD00CF9980 /* BackItUp */,
			);
		};
/* End PBXProject section */

/* Begin PBXResourcesBuildPhase section */
		168155671F576FBD00CF9980 /* Resources */ = {
			isa = PBXResourcesBuildPhase;
			buildActionMask = 2147483647;
			files = (
				168155711F576FBD00CF9980 /* Assets.xcassets in Resources */,
				1601722E1F57AE0900A86764 /* Settings.storyboard in Resources */,
				16759CAB1F5F136000878BEC /* StatusBar.storyboard in Resources */,
			);
			runOnlyForDeploymentPostprocessing = 0;
		};
/* End PBXResourcesBuildPhase section */

/* Begin PBXSourcesBuildPhase section */
		168155651F576FBD00CF9980 /* Sources */ = {
			isa = PBXSourcesBuildPhase;
			buildActionMask = 2147483647;
			files = (
				1601722A1F57AD9200A86764 /* SettingsViewController.swift in Sources */,
				160172281F57AD9200A86764 /* AppDelegate.swift in Sources */,
				16634A851F5A28D100AC9A46 /* main.swift in Sources */,
			);
			runOnlyForDeploymentPostprocessing = 0;
		};
/* End PBXSourcesBuildPhase section */

/* Begin XCBuildConfiguration section */
		168155761F576FBD00CF9980 /* Debug */ = {
			isa = XCBuildConfiguration;
			buildSettings = {
				ALWAYS_SEARCH_USER_PATHS = NO;
				CLANG_ANALYZER_NONNULL = YES;
				CLANG_ANALYZER_NUMBER_OBJECT_CONVERSION = YES_AGGRESSIVE;
				CLANG_CXX_LANGUAGE_STANDARD = "gnu++0x";
				CLANG_CXX_LIBRARY = "libc++";
				CLANG_ENABLE_MODULES = YES;
				CLANG_ENABLE_OBJC_ARC = YES;
				CLANG_WARN_BOOL_CONVERSION = YES;
				CLANG_WARN_CONSTANT_CONVERSION = YES;
				CLANG_WARN_DIRECT_OBJC_ISA_USAGE = YES_ERROR;
				CLANG_WARN_DOCUMENTATION_COMMENTS = YES;
				CLANG_WARN_EMPTY_BODY = YES;
				CLANG_WARN_ENUM_CONVERSION = YES;
				CLANG_WARN_INFINITE_RECURSION = YES;
				CLANG_WARN_INT_CONVERSION = YES;
				CLANG_WARN_OBJC_ROOT_CLASS = YES_ERROR;
				CLANG_WARN_SUSPICIOUS_MOVE = YES;
				CLANG_WARN_UNREACHABLE_CODE = YES;
				CLANG_WARN__DUPLICATE_METHOD_MATCH = YES;
				CODE_SIGN_IDENTITY = "-";
				COPY_PHASE_STRIP = NO;
				DEBUG_INFORMATION_FORMAT = dwarf;
				ENABLE_STRICT_OBJC_MSGSEND = YES;
				ENABLE_TESTABILITY = YES;
				GCC_C_LANGUAGE_STANDARD = gnu99;
				GCC_DYNAMIC_NO_PIC = NO;
				GCC_NO_COMMON_BLOCKS = YES;
				GCC_OPTIMIZATION_LEVEL = 0;
				GCC_PREPROCESSOR_DEFINITIONS = (
					"DEBUG=1",
					"$(inherited)",
				);
				GCC_WARN_64_TO_32_BIT_CONVERSION = YES;
				GCC_WARN_ABOUT_RETURN_TYPE = YES_ERROR;
				GCC_WARN_UNDECLARED_SELECTOR = YES;
				GCC_WARN_UNINITIALIZED_AUTOS = YES_AGGRESSIVE;
				GCC_WARN_UNUSED_FUNCTION = YES;
				GCC_WARN_UNUSED_VARIABLE = YES;
				MACOSX_DEPLOYMENT_TARGET = 10.12;
				MTL_ENABLE_DEBUG_INFO = YES;
				ONLY_ACTIVE_ARCH = YES;
				SDKROOT = macosx;
				SWIFT_ACTIVE_COMPILATION_CONDITIONS = DEBUG;
				SWIFT_OPTIMIZATION_LEVEL = "-Onone";
			};
			name = Debug;
		};
		168155771F576FBD00CF9980 /* Release */ = {
			isa = XCBuildConfiguration;
			buildSettings = {
				ALWAYS_SEARCH_USER_PATHS = NO;
				CLANG_ANALYZER_NONNULL = YES;
				CLANG_ANALYZER_NUMBER_OBJECT_CONVERSION = YES_AGGRESSIVE;
				CLANG_CXX_LANGUAGE_STANDARD = "gnu++0x";
				CLANG_CXX_LIBRARY = "libc++";
				CLANG_ENABLE_MODULES = YES;
				CLANG_ENABLE_OBJC_ARC = YES;
				CLANG_WARN_BOOL_CONVERSION = YES;
				CLANG_WARN_CONSTANT_CONVERSION = YES;
				CLANG_WARN_DIRECT_OBJC_ISA_USAGE = YES_ERROR;
				CLANG_WARN_DOCUMENTATION_COMMENTS = YES;
				CLANG_WARN_EMPTY_BODY = YES;
				CLANG_WARN_ENUM_CONVERSION = YES;
				CLANG_WARN_INFINITE_RECURSION = YES;
				CLANG_WARN_INT_CONVERSION = YES;
				CLANG_WARN_OBJC_ROOT_CLASS = YES_ERROR;
				CLANG_WARN_SUSPICIOUS_MOVE = YES;
				CLANG_WARN_UNREACHABLE_CODE = YES;
				CLANG_WARN__DUPLICATE_METHOD_MATCH = YES;
				CODE_SIGN_IDENTITY = "-";
				COPY_PHASE_STRIP = NO;
				DEBUG_INFORMATION_FORMAT = "dwarf-with-dsym";
				ENABLE_NS_ASSERTIONS = NO;
				ENABLE_STRICT_OBJC_MSGSEND = YES;
				GCC_C_LANGUAGE_STANDARD = gnu99;
				GCC_NO_COMMON_BLOCKS = YES;
				GCC_WARN_64_TO_32_BIT_CONVERSION = YES;
				GCC_WARN_ABOUT_RETURN_TYPE = YES_ERROR;
				GCC_WARN_UNDECLARED_SELECTOR = YES;
				GCC_WARN_UNINITIALIZED_AUTOS = YES_AGGRESSIVE;
				GCC_WARN_UNUSED_FUNCTION = YES;
				GCC_WARN_UNUSED_VARIABLE = YES;
				MACOSX_DEPLOYMENT_TARGET = 10.12;
				MTL_ENABLE_DEBUG_INFO = NO;
				SDKROOT = macosx;
				SWIFT_OPTIMIZATION_LEVEL = "-Owholemodule";
			};
			name = Release;
		};
		168155791F576FBD00CF9980 /* Debug */ = {
			isa = XCBuildConfiguration;
			buildSettings = {
				ASSETCATALOG_COMPILER_APPICON_NAME = AppIcon;
				CLANG_ENABLE_MODULES = YES;
				COMBINE_HIDPI_IMAGES = YES;
				INFOPLIST_FILE = BackItUp/Info.plist;
				LD_RUNPATH_SEARCH_PATHS = "$(inherited) @executable_path/../Frameworks";
				PRODUCT_BUNDLE_IDENTIFIER = net.jacobpeterson.BackItUp;
				PRODUCT_NAME = "$(TARGET_NAME)";
				SWIFT_OPTIMIZATION_LEVEL = "-Onone";
				SWIFT_VERSION = 3.0;
			};
			name = Debug;
		};
		1681557A1F576FBD00CF9980 /* Release */ = {
			isa = XCBuildConfiguration;
			buildSettings = {
				ASSETCATALOG_COMPILER_APPICON_NAME = AppIcon;
				CLANG_ENABLE_MODULES = YES;
				COMBINE_HIDPI_IMAGES = YES;
				INFOPLIST_FILE = BackItUp/Info.plist;
				LD_RUNPATH_SEARCH_PATHS = "$(inherited) @executable_path/../Frameworks";
				PRODUCT_BUNDLE_IDENTIFIER = net.jacobpeterson.BackItUp;
				PRODUCT_NAME = "$(TARGET_NAME)";
				SWIFT_VERSION = 3.0;
			};
			name = Release;
		};
/* End XCBuildConfiguration section */

/* Begin XCConfigurationList section */
		168155641F576FBD00CF9980 /* Build configuration list for PBXProject "BackItUp" */ = {
			isa = XCConfigurationList;
			buildConfigurations = (
				168155761F576FBD00CF9980 /* Debug */,
				168155771F576FBD00CF9980 /* Release */,
			);
			defaultConfigurationIsVisible = 0;
			defaultConfigurationName = Release;
		};
		168155781F576FBD00CF9980 /* Build configuration list for PBXNativeTarget "BackItUp" */ = {
			isa = XCConfigurationList;
			buildConfigurations = (
				168155791F576FBD00CF9980 /* Debug */,
				1681557A1F576FBD00CF9980 /* Release */,
			);
			defaultConfigurationIsVisible = 0;
			defaultConfigurationName = Release;
		};
/* End XCConfigurationList section */
	};
	rootObject = 168155611F576FBD00CF9980 /* Project object */;
}
